
Microsoft Visual Studio Solution File, Format Version 12.00
# Visual Studio Version 17
VisualStudioVersion = 17.6.33815.320
MinimumVisualStudioVersion = 10.0.40219.1
Project("{9A19103F-16F7-4668-BE54-9A1E7A4F7556}") = "BCSS", "BCSS\BCSS.csproj", "{45998C7D-6BC9-43F4-840F-A3CAFD0113B4}"
EndProject
Project("{9A19103F-16F7-4668-BE54-9A1E7A4F7556}") = "BCSSViewer", "BCSSViewer\BCSSViewer.csproj", "{9C7AE5DE-B388-4B4C-854C-6A6EEA496F41}"
	ProjectSection(ProjectDependencies) = postProject
		{45998C7D-6BC9-43F4-840F-A3CAFD0113B4} = {45998C7D-6BC9-43F4-840F-A3CAFD0113B4}
		{837AA5FF-99D6-41CD-A38B-DFE148A8A205} = {837AA5FF-99D6-41CD-A38B-DFE148A8A205}
	EndProjectSection
EndProject
Project("{9A19103F-16F7-4668-BE54-9A1E7A4F7556}") = "BCSSViewer.Docs", "BCSSViewer.Docs\BCSSViewer.Docs.csproj", "{837AA5FF-99D6-41CD-A38B-DFE148A8A205}"
	ProjectSection(ProjectDependencies) = postProject
		{45998C7D-6BC9-43F4-840F-A3CAFD0113B4} = {45998C7D-6BC9-43F4-840F-A3CAFD0113B4}
	EndProjectSection
EndProject
Project("{9A19103F-16F7-4668-BE54-9A1E7A4F7556}") = "BCSSViewer.Wasm", "BCSSViewer.Wasm\BCSSViewer.Wasm.csproj", "{C26FD032-E5A7-45A2-8333-285E9F126BA9}"
EndProject
Global
	GlobalSection(SolutionConfigurationPlatforms) = preSolution
		Debug|Any CPU = Debug|Any CPU
		Release|Any CPU = Release|Any CPU
	EndGlobalSection
	GlobalSection(ProjectConfigurationPlatforms) = postSolution
		{45998C7D-6BC9-43F4-840F-A3CAFD0113B4}.Debug|Any CPU.ActiveCfg = Debug|Any CPU
		{45998C7D-6BC9-43F4-840F-A3CAFD0113B4}.Debug|Any CPU.Build.0 = Debug|Any CPU
		{45998C7D-6BC9-43F4-840F-A3CAFD0113B4}.Release|Any CPU.ActiveCfg = Release|Any CPU
		{45998C7D-6BC9-43F4-840F-A3CAFD0113B4}.Release|Any CPU.Build.0 = Release|Any CPU
		{9C7AE5DE-B388-4B4C-854C-6A6EEA496F41}.Debug|Any CPU.ActiveCfg = Debug|Any CPU
		{9C7AE5DE-B388-4B4C-854C-6A6EEA496F41}.Debug|Any CPU.Build.0 = Debug|Any CPU
		{9C7AE5DE-B388-4B4C-854C-6A6EEA496F41}.Release|Any CPU.ActiveCfg = Release|Any CPU
		{9C7AE5DE-B388-4B4C-854C-6A6EEA496F41}.Release|Any CPU.Build.0 = Release|Any CPU
		{837AA5FF-99D6-41CD-A38B-DFE148A8A205}.Debug|Any CPU.ActiveCfg = Debug|Any CPU
		{837AA5FF-99D6-41CD-A38B-DFE148A8A205}.Debug|Any CPU.Build.0 = Debug|Any CPU
		{837AA5FF-99D6-41CD-A38B-DFE148A8A205}.Release|Any CPU.ActiveCfg = Release|Any CPU
		{837AA5FF-99D6-41CD-A38B-DFE148A8A205}.Release|Any CPU.Build.0 = Release|Any CPU
		{C26FD032-E5A7-45A2-8333-285E9F126BA9}.Debug|Any CPU.ActiveCfg = Debug|Any CPU
		{C26FD032-E5A7-45A2-8333-285E9F126BA9}.Debug|Any CPU.Build.0 = Debug|Any CPU
		{C26FD032-E5A7-45A2-8333-285E9F126BA9}.Release|Any CPU.ActiveCfg = Release|Any CPU
		{C26FD032-E5A7-45A2-8333-285E9F126BA9}.Release|Any CPU.Build.0 = Release|Any CPU
	EndGlobalSection
	GlobalSection(SolutionProperties) = preSolution
		HideSolutionNode = FALSE
	EndGlobalSection
	GlobalSection(ExtensibilityGlobals) = postSolution
		SolutionGuid = {26FB81CE-CAB7-45B7-ABF7-2F90FF5FDEA3}
	EndGlobalSection
EndGlobal
